// !$*UTF8*$!
{
	archiveVersion = 1;
	classes = {
	};
	objectVersion = 56;
	objects = {

/* Begin PBXBuildFile section */
		AF85B3AF2A467FCE004BAA05 /* GitHub_Demo_AppApp.swift in Sources */ = {isa = PBXBuildFile; fileRef = AF85B3AE2A467FCE004BAA05 /* GitHub_Demo_AppApp.swift */; };
		AF85B3B12A467FCE004BAA05 /* ContentView.swift in Sources */ = {isa = PBXBuildFile; fileRef = AF85B3B02A467FCE004BAA05 /* ContentView.swift */; };
		AF85B3B32A467FD0004BAA05 /* Assets.xcassets in Resources */ = {isa = PBXBuildFile; fileRef = AF85B3B22A467FD0004BAA05 /* Assets.xcassets */; };
		AF85B3B62A467FD0004BAA05 /* Preview Assets.xcassets in Resources */ = {isa = PBXBuildFile; fileRef = AF85B3B52A467FD0004BAA05 /* Preview Assets.xcassets */; };
		AF85B3BD2A468121004BAA05 /* YJView.swift in Sources */ = {isa = PBXBuildFile; fileRef = AF85B3BC2A468121004BAA05 /* YJView.swift */; };
		F14F37A62A4684C500370CA1 /* AdvaitView.swift in Sources */ = {isa = PBXBuildFile; fileRef = F14F37A52A4684C500370CA1 /* AdvaitView.swift */; };
/* End PBXBuildFile section */

/* Begin PBXFileReference section */
		AF85B3AB2A467FCE004BAA05 /* GitHub Demo App.app */ = {isa = PBXFileReference; explicitFileType = wrapper.application; includeInIndex = 0; path = "GitHub Demo App.app"; sourceTree = BUILT_PRODUCTS_DIR; };
		AF85B3AE2A467FCE004BAA05 /* GitHub_Demo_AppApp.swift */ = {isa = PBXFileReference; lastKnownFileType = sourcecode.swift; path = GitHub_Demo_AppApp.swift; sourceTree = "<group>"; };
		AF85B3B02A467FCE004BAA05 /* ContentView.swift */ = {isa = PBXFileReference; lastKnownFileType = sourcecode.swift; path = ContentView.swift; sourceTree = "<group>"; };
		AF85B3B22A467FD0004BAA05 /* Assets.xcassets */ = {isa = PBXFileReference; lastKnownFileType = folder.assetcatalog; path = Assets.xcassets; sourceTree = "<group>"; };
		AF85B3B52A467FD0004BAA05 /* Preview Assets.xcassets */ = {isa = PBXFileReference; lastKnownFileType = folder.assetcatalog; path = "Preview Assets.xcassets"; sourceTree = "<group>"; };
		AF85B3BC2A468121004BAA05 /* YJView.swift */ = {isa = PBXFileReference; lastKnownFileType = sourcecode.swift; path = YJView.swift; sourceTree = "<group>"; };
		F14F37A52A4684C500370CA1 /* AdvaitView.swift */ = {isa = PBXFileReference; lastKnownFileType = sourcecode.swift; path = AdvaitView.swift; sourceTree = "<group>"; };
/* End PBXFileReference section */

/* Begin PBXFrameworksBuildPhase section */
		AF85B3A82A467FCE004BAA05 /* Frameworks */ = {
			isa = PBXFrameworksBuildPhase;
			buildActionMask = 2147483647;
			files = (
			);
			runOnlyForDeploymentPostprocessing = 0;
		};
/* End PBXFrameworksBuildPhase section */

/* Begin PBXGroup section */
		AF85B3A22A467FCE004BAA05 = {
			isa = PBXGroup;
			children = (
				AF85B3AD2A467FCE004BAA05 /* GitHub Demo App */,
				AF85B3AC2A467FCE004BAA05 /* Products */,
			);
			sourceTree = "<group>";
		};
		AF85B3AC2A467FCE004BAA05 /* Products */ = {
			isa = PBXGroup;
			children = (
				AF85B3AB2A467FCE004BAA05 /* GitHub Demo App.app */,
			);
			name = Products;
			sourceTree = "<group>";
		};
		AF85B3AD2A467FCE004BAA05 /* GitHub Demo App */ = {
			isa = PBXGroup;
			children = (
				AF85B3AE2A467FCE004BAA05 /* GitHub_Demo_AppApp.swift */,
				AF85B3B02A467FCE004BAA05 /* ContentView.swift */,
				F14F37A52A4684C500370CA1 /* AdvaitView.swift */,
				AF85B3BC2A468121004BAA05 /* YJView.swift */,
				AF85B3B22A467FD0004BAA05 /* Assets.xcassets */,
				AF85B3B42A467FD0004BAA05 /* Preview Content */,
			);
			path = "GitHub Demo App";
			sourceTree = "<group>";
		};
		AF85B3B42A467FD0004BAA05 /* Preview Content */ = {
			isa = PBXGroup;
			children = (
				AF85B3B52A467FD0004BAA05 /* Preview Assets.xcassets */,
			);
			path = "Preview Content";
			sourceTree = "<group>";
		};
/* End PBXGroup section */

/* Begin PBXNativeTarget section */
		AF85B3AA2A467FCE004BAA05 /* GitHub Demo App */ = {
			isa = PBXNativeTarget;
			buildConfigurationList = AF85B3B92A467FD0004BAA05 /* Build configuration list for PBXNativeTarget "GitHub Demo App" */;
			buildPhases = (
				AF85B3A72A467FCE004BAA05 /* Sources */,
				AF85B3A82A467FCE004BAA05 /* Frameworks */,
				AF85B3A92A467FCE004BAA05 /* Resources */,
			);
			buildRules = (
			);
			dependencies = (
			);
			name = "GitHub Demo App";
			productName = "GitHub Demo App";
			productReference = AF85B3AB2A467FCE004BAA05 /* GitHub Demo App.app */;
			productType = "com.apple.product-type.application";
		};
/* End PBXNativeTarget section */

/* Begin PBXProject section */
		AF85B3A32A467FCE004BAA05 /* Project object */ = {
			isa = PBXProject;
			attributes = {
				BuildIndependentTargetsInParallel = 1;
				LastSwiftUpdateCheck = 1430;
				LastUpgradeCheck = 1430;
				TargetAttributes = {
					AF85B3AA2A467FCE004BAA05 = {
						CreatedOnToolsVersion = 14.3.1;
					};
				};
			};
			buildConfigurationList = AF85B3A62A467FCE004BAA05 /* Build configuration list for PBXProject "GitHub Demo App" */;
			compatibilityVersion = "Xcode 14.0";
			developmentRegion = en;
			hasScannedForEncodings = 0;
			knownRegions = (
				en,
				Base,
			);
			mainGroup = AF85B3A22A467FCE004BAA05;
			productRefGroup = AF85B3AC2A467FCE004BAA05 /* Products */;
			projectDirPath = "";
			projectRoot = "";
			targets = (
				AF85B3AA2A467FCE004BAA05 /* GitHub Demo App */,
			);
		};
/* End PBXProject section */

/* Begin PBXResourcesBuildPhase section */
		AF85B3A92A467FCE004BAA05 /* Resources */ = {
			isa = PBXResourcesBuildPhase;
			buildActionMask = 2147483647;
			files = (
				AF85B3B62A467FD0004BAA05 /* Preview Assets.xcassets in Resources */,
				AF85B3B32A467FD0004BAA05 /* Assets.xcassets in Resources */,
			);
			runOnlyForDeploymentPostprocessing = 0;
		};
/* End PBXResourcesBuildPhase section */

/* Begin PBXSourcesBuildPhase section */
		AF85B3A72A467FCE004BAA05 /* Sources */ = {
			isa = PBXSourcesBuildPhase;
			buildActionMask = 2147483647;
			files = (
				AF85B3B12A467FCE004BAA05 /* ContentView.swift in Sources */,
				AF85B3BD2A468121004BAA05 /* YJView.swift in Sources */,
				AF85B3AF2A467FCE004BAA05 /* GitHub_Demo_AppApp.swift in Sources */,
				F14F37A62A4684C500370CA1 /* AdvaitView.swift in Sources */,
			);
			runOnlyForDeploymentPostprocessing = 0;
		};
/* End PBXSourcesBuildPhase section */

/* Begin XCBuildConfiguration section */
		AF85B3B72A467FD0004BAA05 /* Debug */ = {
			isa = XCBuildConfiguration;
			buildSettings = {
				ALWAYS_SEARCH_USER_PATHS = NO;
				CLANG_ANALYZER_NONNULL = YES;
				CLANG_ANALYZER_NUMBER_OBJECT_CONVERSION = YES_AGGRESSIVE;
				CLANG_CXX_LANGUAGE_STANDARD = "gnu++20";
				CLANG_ENABLE_MODULES = YES;
				CLANG_ENABLE_OBJC_ARC = YES;
				CLANG_ENABLE_OBJC_WEAK = YES;
				CLANG_WARN_BLOCK_CAPTURE_AUTORELEASING = YES;
				CLANG_WARN_BOOL_CONVERSION = YES;
				CLANG_WARN_COMMA = YES;
				CLANG_WARN_CONSTANT_CONVERSION = YES;
				CLANG_WARN_DEPRECATED_OBJC_IMPLEMENTATIONS = YES;
				CLANG_WARN_DIRECT_OBJC_ISA_USAGE = YES_ERROR;
				CLANG_WARN_DOCUMENTATION_COMMENTS = YES;
				CLANG_WARN_EMPTY_BODY = YES;
				CLANG_WARN_ENUM_CONVERSION = YES;
				CLANG_WARN_INFINITE_RECURSION = YES;
				CLANG_WARN_INT_CONVERSION = YES;
				CLANG_WARN_NON_LITERAL_NULL_CONVERSION = YES;
				CLANG_WARN_OBJC_IMPLICIT_RETAIN_SELF = YES;
				CLANG_WARN_OBJC_LITERAL_CONVERSION = YES;
				CLANG_WARN_OBJC_ROOT_CLASS = YES_ERROR;
				CLANG_WARN_QUOTED_INCLUDE_IN_FRAMEWORK_HEADER = YES;
				CLANG_WARN_RANGE_LOOP_ANALYSIS = YES;
				CLANG_WARN_STRICT_PROTOTYPES = YES;
				CLANG_WARN_SUSPICIOUS_MOVE = YES;
				CLANG_WARN_UNGUARDED_AVAILABILITY = YES_AGGRESSIVE;
				CLANG_WARN_UNREACHABLE_CODE = YES;
				CLANG_WARN__DUPLICATE_METHOD_MATCH = YES;
				COPY_PHASE_STRIP = NO;
				DEBUG_INFORMATION_FORMAT = dwarf;
				ENABLE_STRICT_OBJC_MSGSEND = YES;
				ENABLE_TESTABILITY = YES;
				GCC_C_LANGUAGE_STANDARD = gnu11;
				GCC_DYNAMIC_NO_PIC = NO;
				GCC_NO_COMMON_BLOCKS = YES;
				GCC_OPTIMIZATION_LEVEL = 0;
				GCC_PREPROCESSOR_DEFINITIONS = (
					"DEBUG=1",
					"$(inherited)",
				);
				GCC_WARN_64_TO_32_BIT_CONVERSION = YES;
				GCC_WARN_ABOUT_RETURN_TYPE = YES_ERROR;
				GCC_WARN_UNDECLARED_SELECTOR = YES;
				GCC_WARN_UNINITIALIZED_AUTOS = YES_AGGRESSIVE;
				GCC_WARN_UNUSED_FUNCTION = YES;
				GCC_WARN_UNUSED_VARIABLE = YES;
				IPHONEOS_DEPLOYMENT_TARGET = 16.4;
				MTL_ENABLE_DEBUG_INFO = INCLUDE_SOURCE;
				MTL_FAST_MATH = YES;
				ONLY_ACTIVE_ARCH = YES;
				SDKROOT = iphoneos;
				SWIFT_ACTIVE_COMPILATION_CONDITIONS = DEBUG;
				SWIFT_OPTIMIZATION_LEVEL = "-Onone";
			};
			name = Debug;
		};
		AF85B3B82A467FD0004BAA05 /* Release */ = {
			isa = XCBuildConfiguration;
			buildSettings = {
				ALWAYS_SEARCH_USER_PATHS = NO;
				CLANG_ANALYZER_NONNULL = YES;
				CLANG_ANALYZER_NUMBER_OBJECT_CONVERSION = YES_AGGRESSIVE;
				CLANG_CXX_LANGUAGE_STANDARD = "gnu++20";
				CLANG_ENABLE_MODULES = YES;
				CLANG_ENABLE_OBJC_ARC = YES;
				CLANG_ENABLE_OBJC_WEAK = YES;
				CLANG_WARN_BLOCK_CAPTURE_AUTORELEASING = YES;
				CLANG_WARN_BOOL_CONVERSION = YES;
				CLANG_WARN_COMMA = YES;
				CLANG_WARN_CONSTANT_CONVERSION = YES;
				CLANG_WARN_DEPRECATED_OBJC_IMPLEMENTATIONS = YES;
				CLANG_WARN_DIRECT_OBJC_ISA_USAGE = YES_ERROR;
				CLANG_WARN_DOCUMENTATION_COMMENTS = YES;
				CLANG_WARN_EMPTY_BODY = YES;
				CLANG_WARN_ENUM_CONVERSION = YES;
				CLANG_WARN_INFINITE_RECURSION = YES;
				CLANG_WARN_INT_CONVERSION = YES;
				CLANG_WARN_NON_LITERAL_NULL_CONVERSION = YES;
				CLANG_WARN_OBJC_IMPLICIT_RETAIN_SELF = YES;
				CLANG_WARN_OBJC_LITERAL_CONVERSION = YES;
				CLANG_WARN_OBJC_ROOT_CLASS = YES_ERROR;
				CLANG_WARN_QUOTED_INCLUDE_IN_FRAMEWORK_HEADER = YES;
				CLANG_WARN_RANGE_LOOP_ANALYSIS = YES;
				CLANG_WARN_STRICT_PROTOTYPES = YES;
				CLANG_WARN_SUSPICIOUS_MOVE = YES;
				CLANG_WARN_UNGUARDED_AVAILABILITY = YES_AGGRESSIVE;
				CLANG_WARN_UNREACHABLE_CODE = YES;
				CLANG_WARN__DUPLICATE_METHOD_MATCH = YES;
				COPY_PHASE_STRIP = NO;
				DEBUG_INFORMATION_FORMAT = "dwarf-with-dsym";
				ENABLE_NS_ASSERTIONS = NO;
				ENABLE_STRICT_OBJC_MSGSEND = YES;
				GCC_C_LANGUAGE_STANDARD = gnu11;
				GCC_NO_COMMON_BLOCKS = YES;
				GCC_WARN_64_TO_32_BIT_CONVERSION = YES;
				GCC_WARN_ABOUT_RETURN_TYPE = YES_ERROR;
				GCC_WARN_UNDECLARED_SELECTOR = YES;
				GCC_WARN_UNINITIALIZED_AUTOS = YES_AGGRESSIVE;
				GCC_WARN_UNUSED_FUNCTION = YES;
				GCC_WARN_UNUSED_VARIABLE = YES;
				IPHONEOS_DEPLOYMENT_TARGET = 16.4;
				MTL_ENABLE_DEBUG_INFO = NO;
				MTL_FAST_MATH = YES;
				SDKROOT = iphoneos;
				SWIFT_COMPILATION_MODE = wholemodule;
				SWIFT_OPTIMIZATION_LEVEL = "-O";
				VALIDATE_PRODUCT = YES;
			};
			name = Release;
		};
		AF85B3BA2A467FD0004BAA05 /* Debug */ = {
			isa = XCBuildConfiguration;
			buildSettings = {
				ASSETCATALOG_COMPILER_APPICON_NAME = AppIcon;
				ASSETCATALOG_COMPILER_GLOBAL_ACCENT_COLOR_NAME = AccentColor;
				CODE_SIGN_STYLE = Automatic;
				CURRENT_PROJECT_VERSION = 1;
				DEVELOPMENT_ASSET_PATHS = "\"GitHub Demo App/Preview Content\"";
				DEVELOPMENT_TEAM = XL5JK4F896;
				ENABLE_PREVIEWS = YES;
				GENERATE_INFOPLIST_FILE = YES;
				INFOPLIST_KEY_UIApplicationSceneManifest_Generation = YES;
				INFOPLIST_KEY_UIApplicationSupportsIndirectInputEvents = YES;
				INFOPLIST_KEY_UILaunchScreen_Generation = YES;
				INFOPLIST_KEY_UISupportedInterfaceOrientations_iPad = "UIInterfaceOrientationPortrait UIInterfaceOrientationPortraitUpsideDown UIInterfaceOrientationLandscapeLeft UIInterfaceOrientationLandscapeRight";
				INFOPLIST_KEY_UISupportedInterfaceOrientations_iPhone = "UIInterfaceOrientationPortrait UIInterfaceOrientationLandscapeLeft UIInterfaceOrientationLandscapeRight";
				LD_RUNPATH_SEARCH_PATHS = (
					"$(inherited)",
					"@executable_path/Frameworks",
				);
				MARKETING_VERSION = 1.0;
				PRODUCT_BUNDLE_IDENTIFIER = "org.swiftinsg.GitHub-Demo-App";
				PRODUCT_NAME = "$(TARGET_NAME)";
				SWIFT_EMIT_LOC_STRINGS = YES;
				SWIFT_VERSION = 5.0;
				TARGETED_DEVICE_FAMILY = "1,2";
			};
			name = Debug;
		};
		AF85B3BB2A467FD0004BAA05 /* Release */ = {
			isa = XCBuildConfiguration;
			buildSettings = {
				ASSETCATALOG_COMPILER_APPICON_NAME = AppIcon;
				ASSETCATALOG_COMPILER_GLOBAL_ACCENT_COLOR_NAME = AccentColor;
				CODE_SIGN_STYLE = Automatic;
				CURRENT_PROJECT_VERSION = 1;
				DEVELOPMENT_ASSET_PATHS = "\"GitHub Demo App/Preview Content\"";
				DEVELOPMENT_TEAM = XL5JK4F896;
				ENABLE_PREVIEWS = YES;
				GENERATE_INFOPLIST_FILE = YES;
				INFOPLIST_KEY_UIApplicationSceneManifest_Generation = YES;
				INFOPLIST_KEY_UIApplicationSupportsIndirectInputEvents = YES;
				INFOPLIST_KEY_UILaunchScreen_Generation = YES;
				INFOPLIST_KEY_UISupportedInterfaceOrientations_iPad = "UIInterfaceOrientationPortrait UIInterfaceOrientationPortraitUpsideDown UIInterfaceOrientationLandscapeLeft UIInterfaceOrientationLandscapeRight";
				INFOPLIST_KEY_UISupportedInterfaceOrientations_iPhone = "UIInterfaceOrientationPortrait UIInterfaceOrientationLandscapeLeft UIInterfaceOrientationLandscapeRight";
				LD_RUNPATH_SEARCH_PATHS = (
					"$(inherited)",
					"@executable_path/Frameworks",
				);
				MARKETING_VERSION = 1.0;
				PRODUCT_BUNDLE_IDENTIFIER = "org.swiftinsg.GitHub-Demo-App";
				PRODUCT_NAME = "$(TARGET_NAME)";
				SWIFT_EMIT_LOC_STRINGS = YES;
				SWIFT_VERSION = 5.0;
				TARGETED_DEVICE_FAMILY = "1,2";
			};
			name = Release;
		};
/* End XCBuildConfiguration section */

/* Begin XCConfigurationList section */
		AF85B3A62A467FCE004BAA05 /* Build configuration list for PBXProject "GitHub Demo App" */ = {
			isa = XCConfigurationList;
			buildConfigurations = (
				AF85B3B72A467FD0004BAA05 /* Debug */,
				AF85B3B82A467FD0004BAA05 /* Release */,
			);
			defaultConfigurationIsVisible = 0;
			defaultConfigurationName = Release;
		};
		AF85B3B92A467FD0004BAA05 /* Build configuration list for PBXNativeTarget "GitHub Demo App" */ = {
			isa = XCConfigurationList;
			buildConfigurations = (
				AF85B3BA2A467FD0004BAA05 /* Debug */,
				AF85B3BB2A467FD0004BAA05 /* Release */,
			);
			defaultConfigurationIsVisible = 0;
			defaultConfigurationName = Release;
		};
/* End XCConfigurationList section */
	};
	rootObject = AF85B3A32A467FCE004BAA05 /* Project object */;
}
